github.com/danielfdickinson/hugo-dfd-demo-site-theme v0.0.0-20211022112452-dc1c354a3513 h1:bSNvCQNawhPA+ptzJdj6CX+Ca47k4qS7eGZEs64mpoo=
github.com/danielfdickinson/hugo-dfd-demo-site-theme v0.0.0-20211022112452-dc1c354a3513/go.mod h1:aEYM9e0YLASf4O+dTqcEMQWT2ntTwaLn0jq4vSypAjY=
github.com/danielfdickinson/hugo-dfd-metadata-central v0.0.0-20211022122204-15a4289a2f5a h1:cVV57vpDHegY01IQJYsZ1iajiNQ8UUCiu4wpNuLDm60=
github.com/danielfdickinson/hugo-dfd-metadata-central v0.0.0-20211022122204-15a4289a2f5a/go.mod h1:uygtPWTIMU1oCMsQnJ/FR/WKU1XblxqKa4mscGUX4fw=
