github.com/danielfdickinson/hugo-dfd-demo-site-theme v0.0.0-20211022190250-7a598cfe5a23 h1:zMeGlseVVWzLhfk/fB6M13V8bKoD3JvzinzekvM0mSw=
github.com/danielfdickinson/hugo-dfd-demo-site-theme v0.0.0-20211022190250-7a598cfe5a23/go.mod h1:h4mAffRc9lbTWAvWo+Ymr1nIQ8OtjOETJ+ifsE/TR0k=
github.com/danielfdickinson/hugo-dfd-metadata-central v0.0.0-20211022122204-15a4289a2f5a h1:cVV57vpDHegY01IQJYsZ1iajiNQ8UUCiu4wpNuLDm60=
github.com/danielfdickinson/hugo-dfd-metadata-central v0.0.0-20211022122204-15a4289a2f5a/go.mod h1:uygtPWTIMU1oCMsQnJ/FR/WKU1XblxqKa4mscGUX4fw=
